# generated by rye
# use `rye lock` or `rye sync` to update this lockfile
#
# last locked with the following flags:
#   pre: false
#   features: []
#   all-features: false
#   with-sources: false

-e file:.
blessed==1.20.0
    # via wordmind
colorama==0.4.6
    # via wordmind
six==1.16.0
    # via blessed
wcwidth==0.2.6
    # via blessed
